
Microsoft Visual Studio Solution File, Format Version 12.00
# Visual Studio Version 16
VisualStudioVersion = 16.0.30011.22
MinimumVisualStudioVersion = 10.0.40219.1
Project("{FAE04EC0-301F-11D3-BF4B-00C04F79EFBC}") = "Ejercicio", "Ejercicio\Ejercicio.csproj", "{A4EE31CF-7B8A-4CE5-B3F8-F46B320BDABD}"
EndProject
Global
	GlobalSection(SolutionConfigurationPlatforms) = preSolution
		Debug|Any CPU = Debug|Any CPU
		Release|Any CPU = Release|Any CPU
	EndGlobalSection
	GlobalSection(ProjectConfigurationPlatforms) = postSolution
		{A4EE31CF-7B8A-4CE5-B3F8-F46B320BDABD}.Debug|Any CPU.ActiveCfg = Debug|Any CPU
		{A4EE31CF-7B8A-4CE5-B3F8-F46B320BDABD}.Debug|Any CPU.Build.0 = Debug|Any CPU
		{A4EE31CF-7B8A-4CE5-B3F8-F46B320BDABD}.Release|Any CPU.ActiveCfg = Release|Any CPU
		{A4EE31CF-7B8A-4CE5-B3F8-F46B320BDABD}.Release|Any CPU.Build.0 = Release|Any CPU
	EndGlobalSection
	GlobalSection(SolutionProperties) = preSolution
		HideSolutionNode = FALSE
	EndGlobalSection
	GlobalSection(ExtensibilityGlobals) = postSolution
		SolutionGuid = {74ADFCED-AE94-402D-B2E5-BFE846A47BAC}
	EndGlobalSection
EndGlobal
